// !$*UTF8*$!
{
	archiveVersion = 1;
	classes = {
	};
	objectVersion = 46;
	objects = {

/* Begin PBXBuildFile section */
		818662851B93C688004496B2 /* Bolts.framework in Frameworks */ = {isa = PBXBuildFile; fileRef = 8186627E1B93C688004496B2 /* Bolts.framework */; };
		818662861B93C688004496B2 /* Parse.framework in Frameworks */ = {isa = PBXBuildFile; fileRef = 8186627F1B93C688004496B2 /* Parse.framework */; };
		818662871B93C688004496B2 /* ParseCrashReporting.framework in Frameworks */ = {isa = PBXBuildFile; fileRef = 818662801B93C688004496B2 /* ParseCrashReporting.framework */; };
		818662881B93C688004496B2 /* ParseFacebookUtils.framework in Frameworks */ = {isa = PBXBuildFile; fileRef = 818662811B93C688004496B2 /* ParseFacebookUtils.framework */; };
		818662891B93C688004496B2 /* ParseFacebookUtilsV4.framework in Frameworks */ = {isa = PBXBuildFile; fileRef = 818662821B93C688004496B2 /* ParseFacebookUtilsV4.framework */; };
		8186628A1B93C688004496B2 /* ParseTwitterUtils.framework in Frameworks */ = {isa = PBXBuildFile; fileRef = 818662831B93C688004496B2 /* ParseTwitterUtils.framework */; };
		8186628B1B93C688004496B2 /* ParseUI.framework in Frameworks */ = {isa = PBXBuildFile; fileRef = 818662841B93C688004496B2 /* ParseUI.framework */; };
		8186628E1B93C7D7004496B2 /* parseConnect.m in Sources */ = {isa = PBXBuildFile; fileRef = 8186628D1B93C7D7004496B2 /* parseConnect.m */; };
		818662901B93CB72004496B2 /* AudioToolbox.framework in Frameworks */ = {isa = PBXBuildFile; fileRef = 8186628F1B93CB72004496B2 /* AudioToolbox.framework */; };
		818662921B93CB78004496B2 /* CFNetwork.framework in Frameworks */ = {isa = PBXBuildFile; fileRef = 818662911B93CB78004496B2 /* CFNetwork.framework */; };
		818662941B93CB8A004496B2 /* CoreGraphics.framework in Frameworks */ = {isa = PBXBuildFile; fileRef = 818662931B93CB8A004496B2 /* CoreGraphics.framework */; };
		818662961B93CB97004496B2 /* CoreLocation.framework in Frameworks */ = {isa = PBXBuildFile; fileRef = 818662951B93CB97004496B2 /* CoreLocation.framework */; };
		818662981B93CBA3004496B2 /* MobileCoreServices.framework in Frameworks */ = {isa = PBXBuildFile; fileRef = 818662971B93CBA3004496B2 /* MobileCoreServices.framework */; };
		8186629A1B93CBAB004496B2 /* QuartzCore.framework in Frameworks */ = {isa = PBXBuildFile; fileRef = 818662991B93CBAB004496B2 /* QuartzCore.framework */; };
		8186629C1B93CBB4004496B2 /* Security.framework in Frameworks */ = {isa = PBXBuildFile; fileRef = 8186629B1B93CBB4004496B2 /* Security.framework */; };
		8186629E1B93CBBC004496B2 /* StoreKit.framework in Frameworks */ = {isa = PBXBuildFile; fileRef = 8186629D1B93CBBC004496B2 /* StoreKit.framework */; };
		818662A01B93CBC4004496B2 /* SystemConfiguration.framework in Frameworks */ = {isa = PBXBuildFile; fileRef = 8186629F1B93CBC4004496B2 /* SystemConfiguration.framework */; };
		818662A21B93CBE6004496B2 /* libz.dylib in Frameworks */ = {isa = PBXBuildFile; fileRef = 818662A11B93CBE6004496B2 /* libz.dylib */; };
		818662A41B93CBF8004496B2 /* libsqlite3.dylib in Frameworks */ = {isa = PBXBuildFile; fileRef = 818662A31B93CBF8004496B2 /* libsqlite3.dylib */; };
		81CC6A0A1B9BAB530041DEE5 /* FormTableViewController.swift in Sources */ = {isa = PBXBuildFile; fileRef = 81CC6A091B9BAB530041DEE5 /* FormTableViewController.swift */; };
		F297C9941A87F3F60074DC17 /* TextInputTableViewCell.swift in Sources */ = {isa = PBXBuildFile; fileRef = F297C9931A87F3F60074DC17 /* TextInputTableViewCell.swift */; };
		F2BC8BD81A86AF7000443158 /* AppDelegate.swift in Sources */ = {isa = PBXBuildFile; fileRef = F2BC8BD71A86AF7000443158 /* AppDelegate.swift */; };
		F2BC8BDA1A86AF7000443158 /* ViewController.swift in Sources */ = {isa = PBXBuildFile; fileRef = F2BC8BD91A86AF7000443158 /* ViewController.swift */; };
		F2BC8BDD1A86AF7000443158 /* Main.storyboard in Resources */ = {isa = PBXBuildFile; fileRef = F2BC8BDB1A86AF7000443158 /* Main.storyboard */; };
		F2BC8BDF1A86AF7000443158 /* Images.xcassets in Resources */ = {isa = PBXBuildFile; fileRef = F2BC8BDE1A86AF7000443158 /* Images.xcassets */; };
		F2BC8BE21A86AF7000443158 /* LaunchScreen.xib in Resources */ = {isa = PBXBuildFile; fileRef = F2BC8BE01A86AF7000443158 /* LaunchScreen.xib */; };
		F2BC8BEE1A86AF7000443158 /* CustomTextInputTableViewCellTests.swift in Sources */ = {isa = PBXBuildFile; fileRef = F2BC8BED1A86AF7000443158 /* CustomTextInputTableViewCellTests.swift */; };
/* End PBXBuildFile section */

/* Begin PBXContainerItemProxy section */
		F2BC8BE81A86AF7000443158 /* PBXContainerItemProxy */ = {
			isa = PBXContainerItemProxy;
			containerPortal = F2BC8BCA1A86AF7000443158 /* Project object */;
			proxyType = 1;
			remoteGlobalIDString = F2BC8BD11A86AF7000443158;
			remoteInfo = CustomTextInputTableViewCell;
		};
/* End PBXContainerItemProxy section */

/* Begin PBXFileReference section */
		8186627E1B93C688004496B2 /* Bolts.framework */ = {isa = PBXFileReference; lastKnownFileType = wrapper.framework; path = Bolts.framework; sourceTree = "<group>"; };
		8186627F1B93C688004496B2 /* Parse.framework */ = {isa = PBXFileReference; lastKnownFileType = wrapper.framework; path = Parse.framework; sourceTree = "<group>"; };
		818662801B93C688004496B2 /* ParseCrashReporting.framework */ = {isa = PBXFileReference; lastKnownFileType = wrapper.framework; path = ParseCrashReporting.framework; sourceTree = "<group>"; };
		818662811B93C688004496B2 /* ParseFacebookUtils.framework */ = {isa = PBXFileReference; lastKnownFileType = wrapper.framework; path = ParseFacebookUtils.framework; sourceTree = "<group>"; };
		818662821B93C688004496B2 /* ParseFacebookUtilsV4.framework */ = {isa = PBXFileReference; lastKnownFileType = wrapper.framework; path = ParseFacebookUtilsV4.framework; sourceTree = "<group>"; };
		818662831B93C688004496B2 /* ParseTwitterUtils.framework */ = {isa = PBXFileReference; lastKnownFileType = wrapper.framework; path = ParseTwitterUtils.framework; sourceTree = "<group>"; };
		818662841B93C688004496B2 /* ParseUI.framework */ = {isa = PBXFileReference; lastKnownFileType = wrapper.framework; path = ParseUI.framework; sourceTree = "<group>"; };
		8186628C1B93C7D6004496B2 /* CustomTextInputTableViewCell-Bridging-Header.h */ = {isa = PBXFileReference; lastKnownFileType = sourcecode.c.h; path = "CustomTextInputTableViewCell-Bridging-Header.h"; sourceTree = "<group>"; };
		8186628D1B93C7D7004496B2 /* parseConnect.m */ = {isa = PBXFileReference; fileEncoding = 4; lastKnownFileType = sourcecode.c.objc; path = parseConnect.m; sourceTree = "<group>"; };
		8186628F1B93CB72004496B2 /* AudioToolbox.framework */ = {isa = PBXFileReference; lastKnownFileType = wrapper.framework; name = AudioToolbox.framework; path = System/Library/Frameworks/AudioToolbox.framework; sourceTree = SDKROOT; };
		818662911B93CB78004496B2 /* CFNetwork.framework */ = {isa = PBXFileReference; lastKnownFileType = wrapper.framework; name = CFNetwork.framework; path = System/Library/Frameworks/CFNetwork.framework; sourceTree = SDKROOT; };
		818662931B93CB8A004496B2 /* CoreGraphics.framework */ = {isa = PBXFileReference; lastKnownFileType = wrapper.framework; name = CoreGraphics.framework; path = System/Library/Frameworks/CoreGraphics.framework; sourceTree = SDKROOT; };
		818662951B93CB97004496B2 /* CoreLocation.framework */ = {isa = PBXFileReference; lastKnownFileType = wrapper.framework; name = CoreLocation.framework; path = System/Library/Frameworks/CoreLocation.framework; sourceTree = SDKROOT; };
		818662971B93CBA3004496B2 /* MobileCoreServices.framework */ = {isa = PBXFileReference; lastKnownFileType = wrapper.framework; name = MobileCoreServices.framework; path = System/Library/Frameworks/MobileCoreServices.framework; sourceTree = SDKROOT; };
		818662991B93CBAB004496B2 /* QuartzCore.framework */ = {isa = PBXFileReference; lastKnownFileType = wrapper.framework; name = QuartzCore.framework; path = System/Library/Frameworks/QuartzCore.framework; sourceTree = SDKROOT; };
		8186629B1B93CBB4004496B2 /* Security.framework */ = {isa = PBXFileReference; lastKnownFileType = wrapper.framework; name = Security.framework; path = System/Library/Frameworks/Security.framework; sourceTree = SDKROOT; };
		8186629D1B93CBBC004496B2 /* StoreKit.framework */ = {isa = PBXFileReference; lastKnownFileType = wrapper.framework; name = StoreKit.framework; path = System/Library/Frameworks/StoreKit.framework; sourceTree = SDKROOT; };
		8186629F1B93CBC4004496B2 /* SystemConfiguration.framework */ = {isa = PBXFileReference; lastKnownFileType = wrapper.framework; name = SystemConfiguration.framework; path = System/Library/Frameworks/SystemConfiguration.framework; sourceTree = SDKROOT; };
		818662A11B93CBE6004496B2 /* libz.dylib */ = {isa = PBXFileReference; lastKnownFileType = "compiled.mach-o.dylib"; name = libz.dylib; path = usr/lib/libz.dylib; sourceTree = SDKROOT; };
		818662A31B93CBF8004496B2 /* libsqlite3.dylib */ = {isa = PBXFileReference; lastKnownFileType = "compiled.mach-o.dylib"; name = libsqlite3.dylib; path = usr/lib/libsqlite3.dylib; sourceTree = SDKROOT; };
		81CC6A091B9BAB530041DEE5 /* FormTableViewController.swift */ = {isa = PBXFileReference; fileEncoding = 4; lastKnownFileType = sourcecode.swift; path = FormTableViewController.swift; sourceTree = "<group>"; };
		F297C9931A87F3F60074DC17 /* TextInputTableViewCell.swift */ = {isa = PBXFileReference; fileEncoding = 4; lastKnownFileType = sourcecode.swift; path = TextInputTableViewCell.swift; sourceTree = "<group>"; };
		F2BC8BD21A86AF7000443158 /* CustomTextInputTableViewCell.app */ = {isa = PBXFileReference; explicitFileType = wrapper.application; includeInIndex = 0; path = CustomTextInputTableViewCell.app; sourceTree = BUILT_PRODUCTS_DIR; };
		F2BC8BD61A86AF7000443158 /* Info.plist */ = {isa = PBXFileReference; lastKnownFileType = text.plist.xml; path = Info.plist; sourceTree = "<group>"; };
		F2BC8BD71A86AF7000443158 /* AppDelegate.swift */ = {isa = PBXFileReference; lastKnownFileType = sourcecode.swift; path = AppDelegate.swift; sourceTree = "<group>"; };
		F2BC8BD91A86AF7000443158 /* ViewController.swift */ = {isa = PBXFileReference; lastKnownFileType = sourcecode.swift; path = ViewController.swift; sourceTree = "<group>"; };
		F2BC8BDC1A86AF7000443158 /* Base */ = {isa = PBXFileReference; lastKnownFileType = file.storyboard; name = Base; path = Base.lproj/Main.storyboard; sourceTree = "<group>"; };
		F2BC8BDE1A86AF7000443158 /* Images.xcassets */ = {isa = PBXFileReference; lastKnownFileType = folder.assetcatalog; path = Images.xcassets; sourceTree = "<group>"; };
		F2BC8BE11A86AF7000443158 /* Base */ = {isa = PBXFileReference; lastKnownFileType = file.xib; name = Base; path = Base.lproj/LaunchScreen.xib; sourceTree = "<group>"; };
		F2BC8BE71A86AF7000443158 /* CustomTextInputTableViewCellTests.xctest */ = {isa = PBXFileReference; explicitFileType = wrapper.cfbundle; includeInIndex = 0; path = CustomTextInputTableViewCellTests.xctest; sourceTree = BUILT_PRODUCTS_DIR; };
		F2BC8BEC1A86AF7000443158 /* Info.plist */ = {isa = PBXFileReference; lastKnownFileType = text.plist.xml; path = Info.plist; sourceTree = "<group>"; };
		F2BC8BED1A86AF7000443158 /* CustomTextInputTableViewCellTests.swift */ = {isa = PBXFileReference; lastKnownFileType = sourcecode.swift; path = CustomTextInputTableViewCellTests.swift; sourceTree = "<group>"; };
/* End PBXFileReference section */

/* Begin PBXFrameworksBuildPhase section */
		F2BC8BCF1A86AF7000443158 /* Frameworks */ = {
			isa = PBXFrameworksBuildPhase;
			buildActionMask = 2147483647;
			files = (
				818662A41B93CBF8004496B2 /* libsqlite3.dylib in Frameworks */,
				818662A21B93CBE6004496B2 /* libz.dylib in Frameworks */,
				818662A01B93CBC4004496B2 /* SystemConfiguration.framework in Frameworks */,
				8186629E1B93CBBC004496B2 /* StoreKit.framework in Frameworks */,
				8186629C1B93CBB4004496B2 /* Security.framework in Frameworks */,
				8186629A1B93CBAB004496B2 /* QuartzCore.framework in Frameworks */,
				818662981B93CBA3004496B2 /* MobileCoreServices.framework in Frameworks */,
				818662961B93CB97004496B2 /* CoreLocation.framework in Frameworks */,
				818662941B93CB8A004496B2 /* CoreGraphics.framework in Frameworks */,
				818662921B93CB78004496B2 /* CFNetwork.framework in Frameworks */,
				818662901B93CB72004496B2 /* AudioToolbox.framework in Frameworks */,
				818662861B93C688004496B2 /* Parse.framework in Frameworks */,
				818662871B93C688004496B2 /* ParseCrashReporting.framework in Frameworks */,
				8186628B1B93C688004496B2 /* ParseUI.framework in Frameworks */,
				818662881B93C688004496B2 /* ParseFacebookUtils.framework in Frameworks */,
				818662851B93C688004496B2 /* Bolts.framework in Frameworks */,
				8186628A1B93C688004496B2 /* ParseTwitterUtils.framework in Frameworks */,
				818662891B93C688004496B2 /* ParseFacebookUtilsV4.framework in Frameworks */,
			);
			runOnlyForDeploymentPostprocessing = 0;
		};
		F2BC8BE41A86AF7000443158 /* Frameworks */ = {
			isa = PBXFrameworksBuildPhase;
			buildActionMask = 2147483647;
			files = (
			);
			runOnlyForDeploymentPostprocessing = 0;
		};
/* End PBXFrameworksBuildPhase section */

/* Begin PBXGroup section */
		F2BC8BC91A86AF7000443158 = {
			isa = PBXGroup;
			children = (
				818662A31B93CBF8004496B2 /* libsqlite3.dylib */,
				818662A11B93CBE6004496B2 /* libz.dylib */,
				8186629F1B93CBC4004496B2 /* SystemConfiguration.framework */,
				8186629D1B93CBBC004496B2 /* StoreKit.framework */,
				8186629B1B93CBB4004496B2 /* Security.framework */,
				818662991B93CBAB004496B2 /* QuartzCore.framework */,
				818662971B93CBA3004496B2 /* MobileCoreServices.framework */,
				818662951B93CB97004496B2 /* CoreLocation.framework */,
				818662931B93CB8A004496B2 /* CoreGraphics.framework */,
				818662911B93CB78004496B2 /* CFNetwork.framework */,
				8186628F1B93CB72004496B2 /* AudioToolbox.framework */,
				F2BC8BD41A86AF7000443158 /* CustomTextInputTableViewCell */,
				F2BC8BEA1A86AF7000443158 /* CustomTextInputTableViewCellTests */,
				F2BC8BD31A86AF7000443158 /* Products */,
			);
			sourceTree = "<group>";
		};
		F2BC8BD31A86AF7000443158 /* Products */ = {
			isa = PBXGroup;
			children = (
				F2BC8BD21A86AF7000443158 /* CustomTextInputTableViewCell.app */,
				F2BC8BE71A86AF7000443158 /* CustomTextInputTableViewCellTests.xctest */,
			);
			name = Products;
			sourceTree = "<group>";
		};
		F2BC8BD41A86AF7000443158 /* CustomTextInputTableViewCell */ = {
			isa = PBXGroup;
			children = (
				8186627E1B93C688004496B2 /* Bolts.framework */,
				8186627F1B93C688004496B2 /* Parse.framework */,
				818662801B93C688004496B2 /* ParseCrashReporting.framework */,
				818662811B93C688004496B2 /* ParseFacebookUtils.framework */,
				818662821B93C688004496B2 /* ParseFacebookUtilsV4.framework */,
				818662831B93C688004496B2 /* ParseTwitterUtils.framework */,
				818662841B93C688004496B2 /* ParseUI.framework */,
				F2BC8BDB1A86AF7000443158 /* Main.storyboard */,
				81CC6A091B9BAB530041DEE5 /* FormTableViewController.swift */,
				F2BC8BD91A86AF7000443158 /* ViewController.swift */,
				8186628D1B93C7D7004496B2 /* parseConnect.m */,
				F297C9931A87F3F60074DC17 /* TextInputTableViewCell.swift */,
				F2BC8BD71A86AF7000443158 /* AppDelegate.swift */,
				F2BC8BDE1A86AF7000443158 /* Images.xcassets */,
				F2BC8BE01A86AF7000443158 /* LaunchScreen.xib */,
				F2BC8BD51A86AF7000443158 /* Supporting Files */,
				8186628C1B93C7D6004496B2 /* CustomTextInputTableViewCell-Bridging-Header.h */,
			);
			path = CustomTextInputTableViewCell;
			sourceTree = "<group>";
		};
		F2BC8BD51A86AF7000443158 /* Supporting Files */ = {
			isa = PBXGroup;
			children = (
				F2BC8BD61A86AF7000443158 /* Info.plist */,
			);
			name = "Supporting Files";
			sourceTree = "<group>";
		};
		F2BC8BEA1A86AF7000443158 /* CustomTextInputTableViewCellTests */ = {
			isa = PBXGroup;
			children = (
				F2BC8BED1A86AF7000443158 /* CustomTextInputTableViewCellTests.swift */,
				F2BC8BEB1A86AF7000443158 /* Supporting Files */,
			);
			path = CustomTextInputTableViewCellTests;
			sourceTree = "<group>";
		};
		F2BC8BEB1A86AF7000443158 /* Supporting Files */ = {
			isa = PBXGroup;
			children = (
				F2BC8BEC1A86AF7000443158 /* Info.plist */,
			);
			name = "Supporting Files";
			sourceTree = "<group>";
		};
/* End PBXGroup section */

/* Begin PBXNativeTarget section */
		F2BC8BD11A86AF7000443158 /* CustomTextInputTableViewCell */ = {
			isa = PBXNativeTarget;
			buildConfigurationList = F2BC8BF11A86AF7000443158 /* Build configuration list for PBXNativeTarget "CustomTextInputTableViewCell" */;
			buildPhases = (
				F2BC8BCE1A86AF7000443158 /* Sources */,
				F2BC8BCF1A86AF7000443158 /* Frameworks */,
				F2BC8BD01A86AF7000443158 /* Resources */,
			);
			buildRules = (
			);
			dependencies = (
			);
			name = CustomTextInputTableViewCell;
			productName = CustomTextInputTableViewCell;
			productReference = F2BC8BD21A86AF7000443158 /* CustomTextInputTableViewCell.app */;
			productType = "com.apple.product-type.application";
		};
		F2BC8BE61A86AF7000443158 /* CustomTextInputTableViewCellTests */ = {
			isa = PBXNativeTarget;
			buildConfigurationList = F2BC8BF41A86AF7000443158 /* Build configuration list for PBXNativeTarget "CustomTextInputTableViewCellTests" */;
			buildPhases = (
				F2BC8BE31A86AF7000443158 /* Sources */,
				F2BC8BE41A86AF7000443158 /* Frameworks */,
				F2BC8BE51A86AF7000443158 /* Resources */,
			);
			buildRules = (
			);
			dependencies = (
				F2BC8BE91A86AF7000443158 /* PBXTargetDependency */,
			);
			name = CustomTextInputTableViewCellTests;
			productName = CustomTextInputTableViewCellTests;
			productReference = F2BC8BE71A86AF7000443158 /* CustomTextInputTableViewCellTests.xctest */;
			productType = "com.apple.product-type.bundle.unit-test";
		};
/* End PBXNativeTarget section */

/* Begin PBXProject section */
		F2BC8BCA1A86AF7000443158 /* Project object */ = {
			isa = PBXProject;
			attributes = {
				LastUpgradeCheck = 0610;
				ORGANIZATIONNAME = "Andrew Bancroft";
				TargetAttributes = {
					F2BC8BD11A86AF7000443158 = {
						CreatedOnToolsVersion = 6.1.1;
					};
					F2BC8BE61A86AF7000443158 = {
						CreatedOnToolsVersion = 6.1.1;
						TestTargetID = F2BC8BD11A86AF7000443158;
					};
				};
			};
			buildConfigurationList = F2BC8BCD1A86AF7000443158 /* Build configuration list for PBXProject "CustomTextInputTableViewCell" */;
			compatibilityVersion = "Xcode 3.2";
			developmentRegion = English;
			hasScannedForEncodings = 0;
			knownRegions = (
				en,
				Base,
			);
			mainGroup = F2BC8BC91A86AF7000443158;
			productRefGroup = F2BC8BD31A86AF7000443158 /* Products */;
			projectDirPath = "";
			projectRoot = "";
			targets = (
				F2BC8BD11A86AF7000443158 /* CustomTextInputTableViewCell */,
				F2BC8BE61A86AF7000443158 /* CustomTextInputTableViewCellTests */,
			);
		};
/* End PBXProject section */

/* Begin PBXResourcesBuildPhase section */
		F2BC8BD01A86AF7000443158 /* Resources */ = {
			isa = PBXResourcesBuildPhase;
			buildActionMask = 2147483647;
			files = (
				F2BC8BDD1A86AF7000443158 /* Main.storyboard in Resources */,
				F2BC8BE21A86AF7000443158 /* LaunchScreen.xib in Resources */,
				F2BC8BDF1A86AF7000443158 /* Images.xcassets in Resources */,
			);
			runOnlyForDeploymentPostprocessing = 0;
		};
		F2BC8BE51A86AF7000443158 /* Resources */ = {
			isa = PBXResourcesBuildPhase;
			buildActionMask = 2147483647;
			files = (
			);
			runOnlyForDeploymentPostprocessing = 0;
		};
/* End PBXResourcesBuildPhase section */

/* Begin PBXSourcesBuildPhase section */
		F2BC8BCE1A86AF7000443158 /* Sources */ = {
			isa = PBXSourcesBuildPhase;
			buildActionMask = 2147483647;
			files = (
				F2BC8BDA1A86AF7000443158 /* ViewController.swift in Sources */,
				81CC6A0A1B9BAB530041DEE5 /* FormTableViewController.swift in Sources */,
				F297C9941A87F3F60074DC17 /* TextInputTableViewCell.swift in Sources */,
				8186628E1B93C7D7004496B2 /* parseConnect.m in Sources */,
				F2BC8BD81A86AF7000443158 /* AppDelegate.swift in Sources */,
			);
			runOnlyForDeploymentPostprocessing = 0;
		};
		F2BC8BE31A86AF7000443158 /* Sources */ = {
			isa = PBXSourcesBuildPhase;
			buildActionMask = 2147483647;
			files = (
				F2BC8BEE1A86AF7000443158 /* CustomTextInputTableViewCellTests.swift in Sources */,
			);
			runOnlyForDeploymentPostprocessing = 0;
		};
/* End PBXSourcesBuildPhase section */

/* Begin PBXTargetDependency section */
		F2BC8BE91A86AF7000443158 /* PBXTargetDependency */ = {
			isa = PBXTargetDependency;
			target = F2BC8BD11A86AF7000443158 /* CustomTextInputTableViewCell */;
			targetProxy = F2BC8BE81A86AF7000443158 /* PBXContainerItemProxy */;
		};
/* End PBXTargetDependency section */

/* Begin PBXVariantGroup section */
		F2BC8BDB1A86AF7000443158 /* Main.storyboard */ = {
			isa = PBXVariantGroup;
			children = (
				F2BC8BDC1A86AF7000443158 /* Base */,
			);
			name = Main.storyboard;
			sourceTree = "<group>";
		};
		F2BC8BE01A86AF7000443158 /* LaunchScreen.xib */ = {
			isa = PBXVariantGroup;
			children = (
				F2BC8BE11A86AF7000443158 /* Base */,
			);
			name = LaunchScreen.xib;
			sourceTree = "<group>";
		};
/* End PBXVariantGroup section */

/* Begin XCBuildConfiguration section */
		F2BC8BEF1A86AF7000443158 /* Debug */ = {
			isa = XCBuildConfiguration;
			buildSettings = {
				ALWAYS_SEARCH_USER_PATHS = NO;
				CLANG_CXX_LANGUAGE_STANDARD = "gnu++0x";
				CLANG_CXX_LIBRARY = "libc++";
				CLANG_ENABLE_MODULES = YES;
				CLANG_ENABLE_OBJC_ARC = YES;
				CLANG_WARN_BOOL_CONVERSION = YES;
				CLANG_WARN_CONSTANT_CONVERSION = YES;
				CLANG_WARN_DIRECT_OBJC_ISA_USAGE = YES_ERROR;
				CLANG_WARN_EMPTY_BODY = YES;
				CLANG_WARN_ENUM_CONVERSION = YES;
				CLANG_WARN_INT_CONVERSION = YES;
				CLANG_WARN_OBJC_ROOT_CLASS = YES_ERROR;
				CLANG_WARN_UNREACHABLE_CODE = YES;
				CLANG_WARN__DUPLICATE_METHOD_MATCH = YES;
				"CODE_SIGN_IDENTITY[sdk=iphoneos*]" = "iPhone Developer";
				COPY_PHASE_STRIP = NO;
				ENABLE_STRICT_OBJC_MSGSEND = YES;
				GCC_C_LANGUAGE_STANDARD = gnu99;
				GCC_DYNAMIC_NO_PIC = NO;
				GCC_OPTIMIZATION_LEVEL = 0;
				GCC_PREPROCESSOR_DEFINITIONS = (
					"DEBUG=1",
					"$(inherited)",
				);
				GCC_SYMBOLS_PRIVATE_EXTERN = NO;
				GCC_WARN_64_TO_32_BIT_CONVERSION = YES;
				GCC_WARN_ABOUT_RETURN_TYPE = YES_ERROR;
				GCC_WARN_UNDECLARED_SELECTOR = YES;
				GCC_WARN_UNINITIALIZED_AUTOS = YES_AGGRESSIVE;
				GCC_WARN_UNUSED_FUNCTION = YES;
				GCC_WARN_UNUSED_VARIABLE = YES;
				IPHONEOS_DEPLOYMENT_TARGET = 8.1;
				MTL_ENABLE_DEBUG_INFO = YES;
				ONLY_ACTIVE_ARCH = YES;
				SDKROOT = iphoneos;
				SWIFT_OPTIMIZATION_LEVEL = "-Onone";
				TARGETED_DEVICE_FAMILY = "1,2";
			};
			name = Debug;
		};
		F2BC8BF01A86AF7000443158 /* Release */ = {
			isa = XCBuildConfiguration;
			buildSettings = {
				ALWAYS_SEARCH_USER_PATHS = NO;
				CLANG_CXX_LANGUAGE_STANDARD = "gnu++0x";
				CLANG_CXX_LIBRARY = "libc++";
				CLANG_ENABLE_MODULES = YES;
				CLANG_ENABLE_OBJC_ARC = YES;
				CLANG_WARN_BOOL_CONVERSION = YES;
				CLANG_WARN_CONSTANT_CONVERSION = YES;
				CLANG_WARN_DIRECT_OBJC_ISA_USAGE = YES_ERROR;
				CLANG_WARN_EMPTY_BODY = YES;
				CLANG_WARN_ENUM_CONVERSION = YES;
				CLANG_WARN_INT_CONVERSION = YES;
				CLANG_WARN_OBJC_ROOT_CLASS = YES_ERROR;
				CLANG_WARN_UNREACHABLE_CODE = YES;
				CLANG_WARN__DUPLICATE_METHOD_MATCH = YES;
				"CODE_SIGN_IDENTITY[sdk=iphoneos*]" = "iPhone Developer";
				COPY_PHASE_STRIP = YES;
				ENABLE_NS_ASSERTIONS = NO;
				ENABLE_STRICT_OBJC_MSGSEND = YES;
				GCC_C_LANGUAGE_STANDARD = gnu99;
				GCC_WARN_64_TO_32_BIT_CONVERSION = YES;
				GCC_WARN_ABOUT_RETURN_TYPE = YES_ERROR;
				GCC_WARN_UNDECLARED_SELECTOR = YES;
				GCC_WARN_UNINITIALIZED_AUTOS = YES_AGGRESSIVE;
				GCC_WARN_UNUSED_FUNCTION = YES;
				GCC_WARN_UNUSED_VARIABLE = YES;
				IPHONEOS_DEPLOYMENT_TARGET = 8.1;
				MTL_ENABLE_DEBUG_INFO = NO;
				SDKROOT = iphoneos;
				TARGETED_DEVICE_FAMILY = "1,2";
				VALIDATE_PRODUCT = YES;
			};
			name = Release;
		};
		F2BC8BF21A86AF7000443158 /* Debug */ = {
			isa = XCBuildConfiguration;
			buildSettings = {
				ASSETCATALOG_COMPILER_APPICON_NAME = AppIcon;
				CLANG_ENABLE_MODULES = YES;
				FRAMEWORK_SEARCH_PATHS = (
					"$(inherited)",
					"/Users/SwiftShift/Downloads/parse-library-1.8.2",
					"$(PROJECT_DIR)/CustomTextInputTableViewCell",
				);
				INFOPLIST_FILE = CustomTextInputTableViewCell/Info.plist;
				LD_RUNPATH_SEARCH_PATHS = "$(inherited) @executable_path/Frameworks";
				PRODUCT_NAME = "$(TARGET_NAME)";
				SWIFT_OBJC_BRIDGING_HEADER = "CustomTextInputTableViewCell/CustomTextInputTableViewCell-Bridging-Header.h";
				SWIFT_OPTIMIZATION_LEVEL = "-Onone";
			};
			name = Debug;
		};
		F2BC8BF31A86AF7000443158 /* Release */ = {
			isa = XCBuildConfiguration;
			buildSettings = {
				ASSETCATALOG_COMPILER_APPICON_NAME = AppIcon;
				CLANG_ENABLE_MODULES = YES;
				FRAMEWORK_SEARCH_PATHS = (
					"$(inherited)",
					"/Users/SwiftShift/Downloads/parse-library-1.8.2",
					"$(PROJECT_DIR)/CustomTextInputTableViewCell",
				);
				INFOPLIST_FILE = CustomTextInputTableViewCell/Info.plist;
				LD_RUNPATH_SEARCH_PATHS = "$(inherited) @executable_path/Frameworks";
				PRODUCT_NAME = "$(TARGET_NAME)";
				SWIFT_OBJC_BRIDGING_HEADER = "CustomTextInputTableViewCell/CustomTextInputTableViewCell-Bridging-Header.h";
			};
			name = Release;
		};
		F2BC8BF51A86AF7000443158 /* Debug */ = {
			isa = XCBuildConfiguration;
			buildSettings = {
				BUNDLE_LOADER = "$(TEST_HOST)";
				FRAMEWORK_SEARCH_PATHS = (
					"$(SDKROOT)/Developer/Library/Frameworks",
					"$(inherited)",
				);
				GCC_PREPROCESSOR_DEFINITIONS = (
					"DEBUG=1",
					"$(inherited)",
				);
				INFOPLIST_FILE = CustomTextInputTableViewCellTests/Info.plist;
				LD_RUNPATH_SEARCH_PATHS = "$(inherited) @executable_path/Frameworks @loader_path/Frameworks";
				PRODUCT_NAME = "$(TARGET_NAME)";
				TEST_HOST = "$(BUILT_PRODUCTS_DIR)/CustomTextInputTableViewCell.app/CustomTextInputTableViewCell";
			};
			name = Debug;
		};
		F2BC8BF61A86AF7000443158 /* Release */ = {
			isa = XCBuildConfiguration;
			buildSettings = {
				BUNDLE_LOADER = "$(TEST_HOST)";
				FRAMEWORK_SEARCH_PATHS = (
					"$(SDKROOT)/Developer/Library/Frameworks",
					"$(inherited)",
				);
				INFOPLIST_FILE = CustomTextInputTableViewCellTests/Info.plist;
				LD_RUNPATH_SEARCH_PATHS = "$(inherited) @executable_path/Frameworks @loader_path/Frameworks";
				PRODUCT_NAME = "$(TARGET_NAME)";
				TEST_HOST = "$(BUILT_PRODUCTS_DIR)/CustomTextInputTableViewCell.app/CustomTextInputTableViewCell";
			};
			name = Release;
		};
/* End XCBuildConfiguration section */

/* Begin XCConfigurationList section */
		F2BC8BCD1A86AF7000443158 /* Build configuration list for PBXProject "CustomTextInputTableViewCell" */ = {
			isa = XCConfigurationList;
			buildConfigurations = (
				F2BC8BEF1A86AF7000443158 /* Debug */,
				F2BC8BF01A86AF7000443158 /* Release */,
			);
			defaultConfigurationIsVisible = 0;
			defaultConfigurationName = Release;
		};
		F2BC8BF11A86AF7000443158 /* Build configuration list for PBXNativeTarget "CustomTextInputTableViewCell" */ = {
			isa = XCConfigurationList;
			buildConfigurations = (
				F2BC8BF21A86AF7000443158 /* Debug */,
				F2BC8BF31A86AF7000443158 /* Release */,
			);
			defaultConfigurationIsVisible = 0;
			defaultConfigurationName = Release;
		};
		F2BC8BF41A86AF7000443158 /* Build configuration list for PBXNativeTarget "CustomTextInputTableViewCellTests" */ = {
			isa = XCConfigurationList;
			buildConfigurations = (
				F2BC8BF51A86AF7000443158 /* Debug */,
				F2BC8BF61A86AF7000443158 /* Release */,
			);
			defaultConfigurationIsVisible = 0;
			defaultConfigurationName = Release;
		};
/* End XCConfigurationList section */
	};
	rootObject = F2BC8BCA1A86AF7000443158 /* Project object */;
}
