// !$*UTF8*$!
{
	archiveVersion = 1;
	classes = {
	};
	objectVersion = 46;
	objects = {

/* Begin PBXBuildFile section */
		811608471BA60CB3008ED886 /* FormTableViewController.swift in Sources */ = {isa = PBXBuildFile; fileRef = 811608461BA60CB3008ED886 /* FormTableViewController.swift */; };
		8116084A1BA6296A008ED886 /* FormTableViewCell.swift in Sources */ = {isa = PBXBuildFile; fileRef = 811608481BA6296A008ED886 /* FormTableViewCell.swift */; };
		8116084B1BA6296A008ED886 /* FormTableViewCell.xib in Resources */ = {isa = PBXBuildFile; fileRef = 811608491BA6296A008ED886 /* FormTableViewCell.xib */; };
		812227B21BBFEE9100D8BED8 /* TemplatesTableViewController.swift in Sources */ = {isa = PBXBuildFile; fileRef = 812227B11BBFEE9100D8BED8 /* TemplatesTableViewController.swift */; };
		812227B91BC000EE00D8BED8 /* TemplateTableViewCell.swift in Sources */ = {isa = PBXBuildFile; fileRef = 812227B71BC000EE00D8BED8 /* TemplateTableViewCell.swift */; };
		812227BA1BC000EE00D8BED8 /* TemplateTableViewCell.xib in Resources */ = {isa = PBXBuildFile; fileRef = 812227B81BC000EE00D8BED8 /* TemplateTableViewCell.xib */; };
		81E7563A1BA60827008B4688 /* AppDelegate.swift in Sources */ = {isa = PBXBuildFile; fileRef = 81E756391BA60827008B4688 /* AppDelegate.swift */; };
		81E7563C1BA60827008B4688 /* ViewController.swift in Sources */ = {isa = PBXBuildFile; fileRef = 81E7563B1BA60827008B4688 /* ViewController.swift */; };
		81E7563F1BA60827008B4688 /* Main.storyboard in Resources */ = {isa = PBXBuildFile; fileRef = 81E7563D1BA60827008B4688 /* Main.storyboard */; };
		81E756411BA60827008B4688 /* Images.xcassets in Resources */ = {isa = PBXBuildFile; fileRef = 81E756401BA60827008B4688 /* Images.xcassets */; };
		81E756441BA60827008B4688 /* LaunchScreen.xib in Resources */ = {isa = PBXBuildFile; fileRef = 81E756421BA60827008B4688 /* LaunchScreen.xib */; };
		81E756501BA60827008B4688 /* clientAppTests.swift in Sources */ = {isa = PBXBuildFile; fileRef = 81E7564F1BA60827008B4688 /* clientAppTests.swift */; };
		C2C3DC12A8B5972F880F6D69 /* libPods.a in Frameworks */ = {isa = PBXBuildFile; fileRef = 4B863A6F8F5CB25C818FDDDE /* libPods.a */; };
/* End PBXBuildFile section */

/* Begin PBXContainerItemProxy section */
		81E7564A1BA60827008B4688 /* PBXContainerItemProxy */ = {
			isa = PBXContainerItemProxy;
			containerPortal = 81E7562C1BA60827008B4688 /* Project object */;
			proxyType = 1;
			remoteGlobalIDString = 81E756331BA60827008B4688;
			remoteInfo = clientApp;
		};
/* End PBXContainerItemProxy section */

/* Begin PBXFileReference section */
		4B863A6F8F5CB25C818FDDDE /* libPods.a */ = {isa = PBXFileReference; explicitFileType = archive.ar; includeInIndex = 0; path = libPods.a; sourceTree = BUILT_PRODUCTS_DIR; };
		811608431BA60AF6008ED886 /* clientApp-Bridging-Header.h */ = {isa = PBXFileReference; lastKnownFileType = sourcecode.c.h; path = "clientApp-Bridging-Header.h"; sourceTree = "<group>"; };
		811608461BA60CB3008ED886 /* FormTableViewController.swift */ = {isa = PBXFileReference; fileEncoding = 4; lastKnownFileType = sourcecode.swift; path = FormTableViewController.swift; sourceTree = "<group>"; };
		811608481BA6296A008ED886 /* FormTableViewCell.swift */ = {isa = PBXFileReference; fileEncoding = 4; lastKnownFileType = sourcecode.swift; path = FormTableViewCell.swift; sourceTree = "<group>"; };
		811608491BA6296A008ED886 /* FormTableViewCell.xib */ = {isa = PBXFileReference; fileEncoding = 4; lastKnownFileType = file.xib; path = FormTableViewCell.xib; sourceTree = "<group>"; };
		812227B11BBFEE9100D8BED8 /* TemplatesTableViewController.swift */ = {isa = PBXFileReference; fileEncoding = 4; lastKnownFileType = sourcecode.swift; path = TemplatesTableViewController.swift; sourceTree = "<group>"; };
		812227B71BC000EE00D8BED8 /* TemplateTableViewCell.swift */ = {isa = PBXFileReference; fileEncoding = 4; lastKnownFileType = sourcecode.swift; path = TemplateTableViewCell.swift; sourceTree = "<group>"; };
		812227B81BC000EE00D8BED8 /* TemplateTableViewCell.xib */ = {isa = PBXFileReference; fileEncoding = 4; lastKnownFileType = file.xib; path = TemplateTableViewCell.xib; sourceTree = "<group>"; };
		81E756341BA60827008B4688 /* clientApp.app */ = {isa = PBXFileReference; explicitFileType = wrapper.application; includeInIndex = 0; path = clientApp.app; sourceTree = BUILT_PRODUCTS_DIR; };
		81E756381BA60827008B4688 /* Info.plist */ = {isa = PBXFileReference; lastKnownFileType = text.plist.xml; path = Info.plist; sourceTree = "<group>"; };
		81E756391BA60827008B4688 /* AppDelegate.swift */ = {isa = PBXFileReference; lastKnownFileType = sourcecode.swift; path = AppDelegate.swift; sourceTree = "<group>"; };
		81E7563B1BA60827008B4688 /* ViewController.swift */ = {isa = PBXFileReference; lastKnownFileType = sourcecode.swift; path = ViewController.swift; sourceTree = "<group>"; };
		81E7563E1BA60827008B4688 /* Base */ = {isa = PBXFileReference; lastKnownFileType = file.storyboard; name = Base; path = Base.lproj/Main.storyboard; sourceTree = "<group>"; };
		81E756401BA60827008B4688 /* Images.xcassets */ = {isa = PBXFileReference; lastKnownFileType = folder.assetcatalog; path = Images.xcassets; sourceTree = "<group>"; };
		81E756431BA60827008B4688 /* Base */ = {isa = PBXFileReference; lastKnownFileType = file.xib; name = Base; path = Base.lproj/LaunchScreen.xib; sourceTree = "<group>"; };
		81E756491BA60827008B4688 /* clientAppTests.xctest */ = {isa = PBXFileReference; explicitFileType = wrapper.cfbundle; includeInIndex = 0; path = clientAppTests.xctest; sourceTree = BUILT_PRODUCTS_DIR; };
		81E7564E1BA60827008B4688 /* Info.plist */ = {isa = PBXFileReference; lastKnownFileType = text.plist.xml; path = Info.plist; sourceTree = "<group>"; };
		81E7564F1BA60827008B4688 /* clientAppTests.swift */ = {isa = PBXFileReference; lastKnownFileType = sourcecode.swift; path = clientAppTests.swift; sourceTree = "<group>"; };
		A29A2493F0FAC48A46B1D30A /* Pods.debug.xcconfig */ = {isa = PBXFileReference; includeInIndex = 1; lastKnownFileType = text.xcconfig; name = Pods.debug.xcconfig; path = "Pods/Target Support Files/Pods/Pods.debug.xcconfig"; sourceTree = "<group>"; };
		FFFC905C23900FC15C1ACD3C /* Pods.release.xcconfig */ = {isa = PBXFileReference; includeInIndex = 1; lastKnownFileType = text.xcconfig; name = Pods.release.xcconfig; path = "Pods/Target Support Files/Pods/Pods.release.xcconfig"; sourceTree = "<group>"; };
/* End PBXFileReference section */

/* Begin PBXFrameworksBuildPhase section */
		81E756311BA60827008B4688 /* Frameworks */ = {
			isa = PBXFrameworksBuildPhase;
			buildActionMask = 2147483647;
			files = (
				C2C3DC12A8B5972F880F6D69 /* libPods.a in Frameworks */,
			);
			runOnlyForDeploymentPostprocessing = 0;
		};
		81E756461BA60827008B4688 /* Frameworks */ = {
			isa = PBXFrameworksBuildPhase;
			buildActionMask = 2147483647;
			files = (
			);
			runOnlyForDeploymentPostprocessing = 0;
		};
/* End PBXFrameworksBuildPhase section */

/* Begin PBXGroup section */
		81E7562B1BA60827008B4688 = {
			isa = PBXGroup;
			children = (
				81E756361BA60827008B4688 /* clientApp */,
				81E7564C1BA60827008B4688 /* clientAppTests */,
				81E756351BA60827008B4688 /* Products */,
				A43C92EE981A33D9148A3CE5 /* Pods */,
				8EFBD343528E8657014ACE5B /* Frameworks */,
			);
			sourceTree = "<group>";
		};
		81E756351BA60827008B4688 /* Products */ = {
			isa = PBXGroup;
			children = (
				81E756341BA60827008B4688 /* clientApp.app */,
				81E756491BA60827008B4688 /* clientAppTests.xctest */,
			);
			name = Products;
			sourceTree = "<group>";
		};
		81E756361BA60827008B4688 /* clientApp */ = {
			isa = PBXGroup;
			children = (
				81E756391BA60827008B4688 /* AppDelegate.swift */,
				81E7563B1BA60827008B4688 /* ViewController.swift */,
				81E7563D1BA60827008B4688 /* Main.storyboard */,
				81E756401BA60827008B4688 /* Images.xcassets */,
				81E756421BA60827008B4688 /* LaunchScreen.xib */,
				81E756371BA60827008B4688 /* Supporting Files */,
				811608431BA60AF6008ED886 /* clientApp-Bridging-Header.h */,
				811608461BA60CB3008ED886 /* FormTableViewController.swift */,
				812227B11BBFEE9100D8BED8 /* TemplatesTableViewController.swift */,
				811608481BA6296A008ED886 /* FormTableViewCell.swift */,
				811608491BA6296A008ED886 /* FormTableViewCell.xib */,
				812227B71BC000EE00D8BED8 /* TemplateTableViewCell.swift */,
				812227B81BC000EE00D8BED8 /* TemplateTableViewCell.xib */,
			);
			path = clientApp;
			sourceTree = "<group>";
		};
		81E756371BA60827008B4688 /* Supporting Files */ = {
			isa = PBXGroup;
			children = (
				81E756381BA60827008B4688 /* Info.plist */,
			);
			name = "Supporting Files";
			sourceTree = "<group>";
		};
		81E7564C1BA60827008B4688 /* clientAppTests */ = {
			isa = PBXGroup;
			children = (
				81E7564F1BA60827008B4688 /* clientAppTests.swift */,
				81E7564D1BA60827008B4688 /* Supporting Files */,
			);
			path = clientAppTests;
			sourceTree = "<group>";
		};
		81E7564D1BA60827008B4688 /* Supporting Files */ = {
			isa = PBXGroup;
			children = (
				81E7564E1BA60827008B4688 /* Info.plist */,
			);
			name = "Supporting Files";
			sourceTree = "<group>";
		};
		8EFBD343528E8657014ACE5B /* Frameworks */ = {
			isa = PBXGroup;
			children = (
				4B863A6F8F5CB25C818FDDDE /* libPods.a */,
			);
			name = Frameworks;
			sourceTree = "<group>";
		};
		A43C92EE981A33D9148A3CE5 /* Pods */ = {
			isa = PBXGroup;
			children = (
				A29A2493F0FAC48A46B1D30A /* Pods.debug.xcconfig */,
				FFFC905C23900FC15C1ACD3C /* Pods.release.xcconfig */,
			);
			name = Pods;
			sourceTree = "<group>";
		};
/* End PBXGroup section */

/* Begin PBXNativeTarget section */
		81E756331BA60827008B4688 /* clientApp */ = {
			isa = PBXNativeTarget;
			buildConfigurationList = 81E756531BA60827008B4688 /* Build configuration list for PBXNativeTarget "clientApp" */;
			buildPhases = (
				8080714A1FA5830B68D46AD7 /* Check Pods Manifest.lock */,
				81E756301BA60827008B4688 /* Sources */,
				81E756311BA60827008B4688 /* Frameworks */,
				81E756321BA60827008B4688 /* Resources */,
				2F64793C736C481A2D3BAC73 /* Copy Pods Resources */,
			);
			buildRules = (
			);
			dependencies = (
			);
			name = clientApp;
			productName = clientApp;
			productReference = 81E756341BA60827008B4688 /* clientApp.app */;
			productType = "com.apple.product-type.application";
		};
		81E756481BA60827008B4688 /* clientAppTests */ = {
			isa = PBXNativeTarget;
			buildConfigurationList = 81E756561BA60827008B4688 /* Build configuration list for PBXNativeTarget "clientAppTests" */;
			buildPhases = (
				81E756451BA60827008B4688 /* Sources */,
				81E756461BA60827008B4688 /* Frameworks */,
				81E756471BA60827008B4688 /* Resources */,
			);
			buildRules = (
			);
			dependencies = (
				81E7564B1BA60827008B4688 /* PBXTargetDependency */,
			);
			name = clientAppTests;
			productName = clientAppTests;
			productReference = 81E756491BA60827008B4688 /* clientAppTests.xctest */;
			productType = "com.apple.product-type.bundle.unit-test";
		};
/* End PBXNativeTarget section */

/* Begin PBXProject section */
		81E7562C1BA60827008B4688 /* Project object */ = {
			isa = PBXProject;
			attributes = {
				LastUpgradeCheck = 0640;
				ORGANIZATIONNAME = "Edmond Pruteanu";
				TargetAttributes = {
					81E756331BA60827008B4688 = {
						CreatedOnToolsVersion = 6.4;
					};
					81E756481BA60827008B4688 = {
						CreatedOnToolsVersion = 6.4;
						TestTargetID = 81E756331BA60827008B4688;
					};
				};
			};
			buildConfigurationList = 81E7562F1BA60827008B4688 /* Build configuration list for PBXProject "clientApp" */;
			compatibilityVersion = "Xcode 3.2";
			developmentRegion = English;
			hasScannedForEncodings = 0;
			knownRegions = (
				en,
				Base,
			);
			mainGroup = 81E7562B1BA60827008B4688;
			productRefGroup = 81E756351BA60827008B4688 /* Products */;
			projectDirPath = "";
			projectRoot = "";
			targets = (
				81E756331BA60827008B4688 /* clientApp */,
				81E756481BA60827008B4688 /* clientAppTests */,
			);
		};
/* End PBXProject section */

/* Begin PBXResourcesBuildPhase section */
		81E756321BA60827008B4688 /* Resources */ = {
			isa = PBXResourcesBuildPhase;
			buildActionMask = 2147483647;
			files = (
				81E7563F1BA60827008B4688 /* Main.storyboard in Resources */,
				8116084B1BA6296A008ED886 /* FormTableViewCell.xib in Resources */,
				81E756441BA60827008B4688 /* LaunchScreen.xib in Resources */,
				812227BA1BC000EE00D8BED8 /* TemplateTableViewCell.xib in Resources */,
				81E756411BA60827008B4688 /* Images.xcassets in Resources */,
			);
			runOnlyForDeploymentPostprocessing = 0;
		};
		81E756471BA60827008B4688 /* Resources */ = {
			isa = PBXResourcesBuildPhase;
			buildActionMask = 2147483647;
			files = (
			);
			runOnlyForDeploymentPostprocessing = 0;
		};
/* End PBXResourcesBuildPhase section */

/* Begin PBXShellScriptBuildPhase section */
		2F64793C736C481A2D3BAC73 /* Copy Pods Resources */ = {
			isa = PBXShellScriptBuildPhase;
			buildActionMask = 2147483647;
			files = (
			);
			inputPaths = (
			);
			name = "Copy Pods Resources";
			outputPaths = (
			);
			runOnlyForDeploymentPostprocessing = 0;
			shellPath = /bin/sh;
			shellScript = "\"${SRCROOT}/Pods/Target Support Files/Pods/Pods-resources.sh\"\n";
			showEnvVarsInLog = 0;
		};
		8080714A1FA5830B68D46AD7 /* Check Pods Manifest.lock */ = {
			isa = PBXShellScriptBuildPhase;
			buildActionMask = 2147483647;
			files = (
			);
			inputPaths = (
			);
			name = "Check Pods Manifest.lock";
			outputPaths = (
			);
			runOnlyForDeploymentPostprocessing = 0;
			shellPath = /bin/sh;
			shellScript = "diff \"${PODS_ROOT}/../Podfile.lock\" \"${PODS_ROOT}/Manifest.lock\" > /dev/null\nif [[ $? != 0 ]] ; then\n    cat << EOM\nerror: The sandbox is not in sync with the Podfile.lock. Run 'pod install' or update your CocoaPods installation.\nEOM\n    exit 1\nfi\n";
			showEnvVarsInLog = 0;
		};
/* End PBXShellScriptBuildPhase section */

/* Begin PBXSourcesBuildPhase section */
		81E756301BA60827008B4688 /* Sources */ = {
			isa = PBXSourcesBuildPhase;
			buildActionMask = 2147483647;
			files = (
				81E7563C1BA60827008B4688 /* ViewController.swift in Sources */,
				812227B91BC000EE00D8BED8 /* TemplateTableViewCell.swift in Sources */,
				812227B21BBFEE9100D8BED8 /* TemplatesTableViewController.swift in Sources */,
				8116084A1BA6296A008ED886 /* FormTableViewCell.swift in Sources */,
				811608471BA60CB3008ED886 /* FormTableViewController.swift in Sources */,
				81E7563A1BA60827008B4688 /* AppDelegate.swift in Sources */,
			);
			runOnlyForDeploymentPostprocessing = 0;
		};
		81E756451BA60827008B4688 /* Sources */ = {
			isa = PBXSourcesBuildPhase;
			buildActionMask = 2147483647;
			files = (
				81E756501BA60827008B4688 /* clientAppTests.swift in Sources */,
			);
			runOnlyForDeploymentPostprocessing = 0;
		};
/* End PBXSourcesBuildPhase section */

/* Begin PBXTargetDependency section */
		81E7564B1BA60827008B4688 /* PBXTargetDependency */ = {
			isa = PBXTargetDependency;
			target = 81E756331BA60827008B4688 /* clientApp */;
			targetProxy = 81E7564A1BA60827008B4688 /* PBXContainerItemProxy */;
		};
/* End PBXTargetDependency section */

/* Begin PBXVariantGroup section */
		81E7563D1BA60827008B4688 /* Main.storyboard */ = {
			isa = PBXVariantGroup;
			children = (
				81E7563E1BA60827008B4688 /* Base */,
			);
			name = Main.storyboard;
			sourceTree = "<group>";
		};
		81E756421BA60827008B4688 /* LaunchScreen.xib */ = {
			isa = PBXVariantGroup;
			children = (
				81E756431BA60827008B4688 /* Base */,
			);
			name = LaunchScreen.xib;
			sourceTree = "<group>";
		};
/* End PBXVariantGroup section */

/* Begin XCBuildConfiguration section */
		81E756511BA60827008B4688 /* Debug */ = {
			isa = XCBuildConfiguration;
			buildSettings = {
				ALWAYS_SEARCH_USER_PATHS = NO;
				CLANG_CXX_LANGUAGE_STANDARD = "gnu++0x";
				CLANG_CXX_LIBRARY = "libc++";
				CLANG_ENABLE_MODULES = YES;
				CLANG_ENABLE_OBJC_ARC = YES;
				CLANG_WARN_BOOL_CONVERSION = YES;
				CLANG_WARN_CONSTANT_CONVERSION = YES;
				CLANG_WARN_DIRECT_OBJC_ISA_USAGE = YES_ERROR;
				CLANG_WARN_EMPTY_BODY = YES;
				CLANG_WARN_ENUM_CONVERSION = YES;
				CLANG_WARN_INT_CONVERSION = YES;
				CLANG_WARN_OBJC_ROOT_CLASS = YES_ERROR;
				CLANG_WARN_UNREACHABLE_CODE = YES;
				CLANG_WARN__DUPLICATE_METHOD_MATCH = YES;
				"CODE_SIGN_IDENTITY[sdk=iphoneos*]" = "iPhone Developer";
				COPY_PHASE_STRIP = NO;
				DEBUG_INFORMATION_FORMAT = "dwarf-with-dsym";
				ENABLE_STRICT_OBJC_MSGSEND = YES;
				GCC_C_LANGUAGE_STANDARD = gnu99;
				GCC_DYNAMIC_NO_PIC = NO;
				GCC_NO_COMMON_BLOCKS = YES;
				GCC_OPTIMIZATION_LEVEL = 0;
				GCC_PREPROCESSOR_DEFINITIONS = (
					"DEBUG=1",
					"$(inherited)",
				);
				GCC_SYMBOLS_PRIVATE_EXTERN = NO;
				GCC_WARN_64_TO_32_BIT_CONVERSION = YES;
				GCC_WARN_ABOUT_RETURN_TYPE = YES_ERROR;
				GCC_WARN_UNDECLARED_SELECTOR = YES;
				GCC_WARN_UNINITIALIZED_AUTOS = YES_AGGRESSIVE;
				GCC_WARN_UNUSED_FUNCTION = YES;
				GCC_WARN_UNUSED_VARIABLE = YES;
				IPHONEOS_DEPLOYMENT_TARGET = 8.4;
				MTL_ENABLE_DEBUG_INFO = YES;
				ONLY_ACTIVE_ARCH = YES;
				SDKROOT = iphoneos;
				SWIFT_OPTIMIZATION_LEVEL = "-Onone";
			};
			name = Debug;
		};
		81E756521BA60827008B4688 /* Release */ = {
			isa = XCBuildConfiguration;
			buildSettings = {
				ALWAYS_SEARCH_USER_PATHS = NO;
				CLANG_CXX_LANGUAGE_STANDARD = "gnu++0x";
				CLANG_CXX_LIBRARY = "libc++";
				CLANG_ENABLE_MODULES = YES;
				CLANG_ENABLE_OBJC_ARC = YES;
				CLANG_WARN_BOOL_CONVERSION = YES;
				CLANG_WARN_CONSTANT_CONVERSION = YES;
				CLANG_WARN_DIRECT_OBJC_ISA_USAGE = YES_ERROR;
				CLANG_WARN_EMPTY_BODY = YES;
				CLANG_WARN_ENUM_CONVERSION = YES;
				CLANG_WARN_INT_CONVERSION = YES;
				CLANG_WARN_OBJC_ROOT_CLASS = YES_ERROR;
				CLANG_WARN_UNREACHABLE_CODE = YES;
				CLANG_WARN__DUPLICATE_METHOD_MATCH = YES;
				"CODE_SIGN_IDENTITY[sdk=iphoneos*]" = "iPhone Developer";
				COPY_PHASE_STRIP = NO;
				DEBUG_INFORMATION_FORMAT = "dwarf-with-dsym";
				ENABLE_NS_ASSERTIONS = NO;
				ENABLE_STRICT_OBJC_MSGSEND = YES;
				GCC_C_LANGUAGE_STANDARD = gnu99;
				GCC_NO_COMMON_BLOCKS = YES;
				GCC_WARN_64_TO_32_BIT_CONVERSION = YES;
				GCC_WARN_ABOUT_RETURN_TYPE = YES_ERROR;
				GCC_WARN_UNDECLARED_SELECTOR = YES;
				GCC_WARN_UNINITIALIZED_AUTOS = YES_AGGRESSIVE;
				GCC_WARN_UNUSED_FUNCTION = YES;
				GCC_WARN_UNUSED_VARIABLE = YES;
				IPHONEOS_DEPLOYMENT_TARGET = 8.4;
				MTL_ENABLE_DEBUG_INFO = NO;
				SDKROOT = iphoneos;
				VALIDATE_PRODUCT = YES;
			};
			name = Release;
		};
		81E756541BA60827008B4688 /* Debug */ = {
			isa = XCBuildConfiguration;
			baseConfigurationReference = A29A2493F0FAC48A46B1D30A /* Pods.debug.xcconfig */;
			buildSettings = {
				ASSETCATALOG_COMPILER_APPICON_NAME = AppIcon;
				CLANG_ENABLE_MODULES = YES;
				INFOPLIST_FILE = clientApp/Info.plist;
				LD_RUNPATH_SEARCH_PATHS = "$(inherited) @executable_path/Frameworks";
				PRODUCT_NAME = "$(TARGET_NAME)";
				SWIFT_OBJC_BRIDGING_HEADER = "clientApp/clientApp-Bridging-Header.h";
				SWIFT_OPTIMIZATION_LEVEL = "-Onone";
			};
			name = Debug;
		};
		81E756551BA60827008B4688 /* Release */ = {
			isa = XCBuildConfiguration;
			baseConfigurationReference = FFFC905C23900FC15C1ACD3C /* Pods.release.xcconfig */;
			buildSettings = {
				ASSETCATALOG_COMPILER_APPICON_NAME = AppIcon;
				CLANG_ENABLE_MODULES = YES;
				INFOPLIST_FILE = clientApp/Info.plist;
				LD_RUNPATH_SEARCH_PATHS = "$(inherited) @executable_path/Frameworks";
				PRODUCT_NAME = "$(TARGET_NAME)";
				SWIFT_OBJC_BRIDGING_HEADER = "clientApp/clientApp-Bridging-Header.h";
			};
			name = Release;
		};
		81E756571BA60827008B4688 /* Debug */ = {
			isa = XCBuildConfiguration;
			buildSettings = {
				BUNDLE_LOADER = "$(TEST_HOST)";
				FRAMEWORK_SEARCH_PATHS = (
					"$(SDKROOT)/Developer/Library/Frameworks",
					"$(inherited)",
				);
				GCC_PREPROCESSOR_DEFINITIONS = (
					"DEBUG=1",
					"$(inherited)",
				);
				INFOPLIST_FILE = clientAppTests/Info.plist;
				LD_RUNPATH_SEARCH_PATHS = "$(inherited) @executable_path/Frameworks @loader_path/Frameworks";
				PRODUCT_NAME = "$(TARGET_NAME)";
				TEST_HOST = "$(BUILT_PRODUCTS_DIR)/clientApp.app/clientApp";
			};
			name = Debug;
		};
		81E756581BA60827008B4688 /* Release */ = {
			isa = XCBuildConfiguration;
			buildSettings = {
				BUNDLE_LOADER = "$(TEST_HOST)";
				FRAMEWORK_SEARCH_PATHS = (
					"$(SDKROOT)/Developer/Library/Frameworks",
					"$(inherited)",
				);
				INFOPLIST_FILE = clientAppTests/Info.plist;
				LD_RUNPATH_SEARCH_PATHS = "$(inherited) @executable_path/Frameworks @loader_path/Frameworks";
				PRODUCT_NAME = "$(TARGET_NAME)";
				TEST_HOST = "$(BUILT_PRODUCTS_DIR)/clientApp.app/clientApp";
			};
			name = Release;
		};
/* End XCBuildConfiguration section */

/* Begin XCConfigurationList section */
		81E7562F1BA60827008B4688 /* Build configuration list for PBXProject "clientApp" */ = {
			isa = XCConfigurationList;
			buildConfigurations = (
				81E756511BA60827008B4688 /* Debug */,
				81E756521BA60827008B4688 /* Release */,
			);
			defaultConfigurationIsVisible = 0;
			defaultConfigurationName = Release;
		};
		81E756531BA60827008B4688 /* Build configuration list for PBXNativeTarget "clientApp" */ = {
			isa = XCConfigurationList;
			buildConfigurations = (
				81E756541BA60827008B4688 /* Debug */,
				81E756551BA60827008B4688 /* Release */,
			);
			defaultConfigurationIsVisible = 0;
			defaultConfigurationName = Release;
		};
		81E756561BA60827008B4688 /* Build configuration list for PBXNativeTarget "clientAppTests" */ = {
			isa = XCConfigurationList;
			buildConfigurations = (
				81E756571BA60827008B4688 /* Debug */,
				81E756581BA60827008B4688 /* Release */,
			);
			defaultConfigurationIsVisible = 0;
			defaultConfigurationName = Release;
		};
/* End XCConfigurationList section */
	};
	rootObject = 81E7562C1BA60827008B4688 /* Project object */;
}
